
Microsoft Visual Studio Solution File, Format Version 12.00
# Visual Studio Version 17
VisualStudioVersion = 17.11.35222.181
MinimumVisualStudioVersion = 10.0.40219.1
Project("{FAE04EC0-301F-11D3-BF4B-00C04F79EFBC}") = "Melodías_Perfectas", "Melodías_Perfectas.csproj", "{00393A59-8D5B-487C-A198-EBD921D1A453}"
EndProject
Global
	GlobalSection(SolutionConfigurationPlatforms) = preSolution
		Debug|Any CPU = Debug|Any CPU
		Release|Any CPU = Release|Any CPU
	EndGlobalSection
	GlobalSection(ProjectConfigurationPlatforms) = postSolution
		{00393A59-8D5B-487C-A198-EBD921D1A453}.Debug|Any CPU.ActiveCfg = Debug|Any CPU
		{00393A59-8D5B-487C-A198-EBD921D1A453}.Debug|Any CPU.Build.0 = Debug|Any CPU
		{00393A59-8D5B-487C-A198-EBD921D1A453}.Release|Any CPU.ActiveCfg = Release|Any CPU
		{00393A59-8D5B-487C-A198-EBD921D1A453}.Release|Any CPU.Build.0 = Release|Any CPU
	EndGlobalSection
	GlobalSection(SolutionProperties) = preSolution
		HideSolutionNode = FALSE
	EndGlobalSection
	GlobalSection(ExtensibilityGlobals) = postSolution
		SolutionGuid = {7B9F20B4-C99A-4749-8C1C-1B9474F0AB42}
	EndGlobalSection
EndGlobal
